
Microsoft Visual Studio Solution File, Format Version 12.00
# Visual Studio Version 16
VisualStudioVersion = 16.0.29209.62
MinimumVisualStudioVersion = 10.0.40219.1
Project("{FAE04EC0-301F-11D3-BF4B-00C04F79EFBC}") = "StatisticsEDO_DB_SZV", "StatisticsEDO_DB_SZV\StatisticsEDO_DB_SZV.csproj", "{0542124E-72DE-4606-8268-E659BB9979D0}"
EndProject
Global
	GlobalSection(SolutionConfigurationPlatforms) = preSolution
		Debug|Any CPU = Debug|Any CPU
		Release|Any CPU = Release|Any CPU
	EndGlobalSection
	GlobalSection(ProjectConfigurationPlatforms) = postSolution
		{0542124E-72DE-4606-8268-E659BB9979D0}.Debug|Any CPU.ActiveCfg = Debug|Any CPU
		{0542124E-72DE-4606-8268-E659BB9979D0}.Debug|Any CPU.Build.0 = Debug|Any CPU
		{0542124E-72DE-4606-8268-E659BB9979D0}.Release|Any CPU.ActiveCfg = Release|Any CPU
		{0542124E-72DE-4606-8268-E659BB9979D0}.Release|Any CPU.Build.0 = Release|Any CPU
	EndGlobalSection
	GlobalSection(SolutionProperties) = preSolution
		HideSolutionNode = FALSE
	EndGlobalSection
	GlobalSection(ExtensibilityGlobals) = postSolution
		SolutionGuid = {D39F7EB7-8C89-4BC5-879B-EB1771DBB498}
	EndGlobalSection
EndGlobal
